{
  "name": "vanillajsportfolio",
  "version": "1.0.0",
  "lockfileVersion": 1,
  "requires": true,
  "dependencies": {
    "@twistezo/text-scramble": {
      "version": "1.0.5",
      "resolved": "https://registry.npmjs.org/@twistezo/text-scramble/-/text-scramble-1.0.5.tgz",
      "integrity": "sha512-LVzMlG10NcZSlMDmUJKtTnU4vF+cQ4GufpSVassp8XUSNNWtAZ6EZBckogd+ms9qE89uW/l1eIasQwAz76M+XA=="
    }
  }
}
