{
  "name": "vanillajsportfolio",
  "version": "1.0.0",
  "lockfileVersion": 1,
  "requires": true,
  "dependencies": {
    "autotyping": {
      "version": "1.2.5",
      "resolved": "https://registry.npmjs.org/autotyping/-/autotyping-1.2.5.tgz",
      "integrity": "sha512-9DHIkynrJ1kIn+UF3SHNBL7jupQokLmRpObM0leTd2Sg9ygj9z4nkbTpclTQcNB9VPZiUjdAF8b+bpsFpcgmSA=="
    }
  }
}
